
Microsoft Visual Studio Solution File, Format Version 12.00
# Visual Studio Version 17
VisualStudioVersion = 17.7.34009.444
MinimumVisualStudioVersion = 10.0.40219.1
Project("{FAE04EC0-301F-11D3-BF4B-00C04F79EFBC}") = "HolaMundo", "HolaMundo\HolaMundo.csproj", "{FCFD833D-8995-4BA7-87DD-0914AEE482B7}"
EndProject
Global
	GlobalSection(SolutionConfigurationPlatforms) = preSolution
		Debug|Any CPU = Debug|Any CPU
		Release|Any CPU = Release|Any CPU
	EndGlobalSection
	GlobalSection(ProjectConfigurationPlatforms) = postSolution
		{FCFD833D-8995-4BA7-87DD-0914AEE482B7}.Debug|Any CPU.ActiveCfg = Debug|Any CPU
		{FCFD833D-8995-4BA7-87DD-0914AEE482B7}.Debug|Any CPU.Build.0 = Debug|Any CPU
		{FCFD833D-8995-4BA7-87DD-0914AEE482B7}.Release|Any CPU.ActiveCfg = Release|Any CPU
		{FCFD833D-8995-4BA7-87DD-0914AEE482B7}.Release|Any CPU.Build.0 = Release|Any CPU
	EndGlobalSection
	GlobalSection(SolutionProperties) = preSolution
		HideSolutionNode = FALSE
	EndGlobalSection
	GlobalSection(ExtensibilityGlobals) = postSolution
		SolutionGuid = {F8044362-297F-42A6-B131-B28FBA062588}
	EndGlobalSection
EndGlobal
