
Microsoft Visual Studio Solution File, Format Version 12.00
# Visual Studio Version 17
VisualStudioVersion = 17.7.34009.444
MinimumVisualStudioVersion = 10.0.40219.1
Project("{FAE04EC0-301F-11D3-BF4B-00C04F79EFBC}") = "MiprimerAlgoritmo", "MiprimerAlgoritmo\MiprimerAlgoritmo.csproj", "{FCA493FB-4A5A-4C0E-A72D-A44359A7349F}"
EndProject
Global
	GlobalSection(SolutionConfigurationPlatforms) = preSolution
		Debug|Any CPU = Debug|Any CPU
		Release|Any CPU = Release|Any CPU
	EndGlobalSection
	GlobalSection(ProjectConfigurationPlatforms) = postSolution
		{FCA493FB-4A5A-4C0E-A72D-A44359A7349F}.Debug|Any CPU.ActiveCfg = Debug|Any CPU
		{FCA493FB-4A5A-4C0E-A72D-A44359A7349F}.Debug|Any CPU.Build.0 = Debug|Any CPU
		{FCA493FB-4A5A-4C0E-A72D-A44359A7349F}.Release|Any CPU.ActiveCfg = Release|Any CPU
		{FCA493FB-4A5A-4C0E-A72D-A44359A7349F}.Release|Any CPU.Build.0 = Release|Any CPU
	EndGlobalSection
	GlobalSection(SolutionProperties) = preSolution
		HideSolutionNode = FALSE
	EndGlobalSection
	GlobalSection(ExtensibilityGlobals) = postSolution
		SolutionGuid = {B04C07E9-C820-4417-9AC0-B736A5DC9DD2}
	EndGlobalSection
EndGlobal
